// !$*UTF8*$!
{
	archiveVersion = 1;
	classes = {
	};
	objectVersion = 56;
	objects = {

/* Begin PBXBuildFile section */
		3D44A03B2C5232D000743A85 /* A_10870.cpp in Sources */ = {isa = PBXBuildFile; fileRef = 3D44A03A2C5232D000743A85 /* A_10870.cpp */; };
/* End PBXBuildFile section */

/* Begin PBXCopyFilesBuildPhase section */
		3D5A4DB82C32AF9D00CEF75E /* CopyFiles */ = {
			isa = PBXCopyFilesBuildPhase;
			buildActionMask = 2147483647;
			dstPath = /usr/share/man/man1/;
			dstSubfolderSpec = 0;
			files = (
			);
			runOnlyForDeploymentPostprocessing = 1;
		};
/* End PBXCopyFilesBuildPhase section */

/* Begin PBXFileReference section */
		3D16F3ED2C32B75C00F7F8DA /* X_8958.cpp */ = {isa = PBXFileReference; lastKnownFileType = sourcecode.cpp.cpp; path = X_8958.cpp; sourceTree = "<group>"; };
		3D2EBB782C4DE886000564BD /* R_15970.cpp */ = {isa = PBXFileReference; lastKnownFileType = sourcecode.cpp.cpp; path = R_15970.cpp; sourceTree = "<group>"; };
		3D2EBB7A2C4DF683000564BD /* S_1107.cpp */ = {isa = PBXFileReference; lastKnownFileType = sourcecode.cpp.cpp; path = S_1107.cpp; sourceTree = "<group>"; };
		3D44A03A2C5232D000743A85 /* A_10870.cpp */ = {isa = PBXFileReference; lastKnownFileType = sourcecode.cpp.cpp; path = A_10870.cpp; sourceTree = "<group>"; };
		3D497C5C2C44AE6B00B47F0E /* templete.cpp */ = {isa = PBXFileReference; lastKnownFileType = sourcecode.cpp.cpp; path = templete.cpp; sourceTree = "<group>"; };
		3D497C5E2C44AF1E00B47F0E /* N_1268.cpp */ = {isa = PBXFileReference; lastKnownFileType = sourcecode.cpp.cpp; path = N_1268.cpp; sourceTree = "<group>"; };
		3D497C602C44C7FC00B47F0E /* O_1347.cpp */ = {isa = PBXFileReference; lastKnownFileType = sourcecode.cpp.cpp; path = O_1347.cpp; sourceTree = "<group>"; };
		3D5A4DBA2C32AF9D00CEF75E /* ALCUK_2024_Summer */ = {isa = PBXFileReference; explicitFileType = "compiled.mach-o.executable"; includeInIndex = 0; path = ALCUK_2024_Summer; sourceTree = BUILT_PRODUCTS_DIR; };
		3D5A4DBD2C32AF9D00CEF75E /* main.cpp */ = {isa = PBXFileReference; lastKnownFileType = sourcecode.cpp.cpp; path = main.cpp; sourceTree = "<group>"; };
		3D5A4DC52C32AFFF00CEF75E /* templete.cpp */ = {isa = PBXFileReference; lastKnownFileType = sourcecode.cpp.cpp; path = templete.cpp; sourceTree = "<group>"; };
		3D5A4DC62C32B03F00CEF75E /* Y_10989.cpp */ = {isa = PBXFileReference; lastKnownFileType = sourcecode.cpp.cpp; path = Y_10989.cpp; sourceTree = "<group>"; };
		3D9CA7002C4D4331001A243F /* Q_9020.cpp */ = {isa = PBXFileReference; lastKnownFileType = sourcecode.cpp.cpp; path = Q_9020.cpp; sourceTree = "<group>"; };
		3D9CA7022C4D5130001A243F /* templete_basic.cpp */ = {isa = PBXFileReference; lastKnownFileType = sourcecode.cpp.cpp; path = templete_basic.cpp; sourceTree = "<group>"; };
		3D9CA7032C4D519A001A243F /* measure_execution_time.cpp */ = {isa = PBXFileReference; lastKnownFileType = sourcecode.cpp.cpp; path = measure_execution_time.cpp; sourceTree = "<group>"; };
		3DB855952C36924300131D07 /* W_3052.cpp */ = {isa = PBXFileReference; lastKnownFileType = sourcecode.cpp.cpp; path = W_3052.cpp; sourceTree = "<group>"; };
		3DEED4142C4008A9003D8ADD /* F_17262.cpp */ = {isa = PBXFileReference; lastKnownFileType = sourcecode.cpp.cpp; path = F_17262.cpp; sourceTree = "<group>"; };
		3DEED4152C4008A9003D8ADD /* H_1718.cpp */ = {isa = PBXFileReference; lastKnownFileType = sourcecode.cpp.cpp; path = H_1718.cpp; sourceTree = "<group>"; };
		3DEED4162C4008A9003D8ADD /* N_15761.cpp */ = {isa = PBXFileReference; lastKnownFileType = sourcecode.cpp.cpp; path = N_15761.cpp; sourceTree = "<group>"; };
		3DEED4172C4008A9003D8ADD /* O_11497.cpp */ = {isa = PBXFileReference; lastKnownFileType = sourcecode.cpp.cpp; path = O_11497.cpp; sourceTree = "<group>"; };
		3DEED4182C4008A9003D8ADD /* P_1946.cpp */ = {isa = PBXFileReference; lastKnownFileType = sourcecode.cpp.cpp; path = P_1946.cpp; sourceTree = "<group>"; };
		3DEED4192C4008A9003D8ADD /* Q_17390.cpp */ = {isa = PBXFileReference; lastKnownFileType = sourcecode.cpp.cpp; path = Q_17390.cpp; sourceTree = "<group>"; };
		3DEED41A2C4008A9003D8ADD /* templete.cpp */ = {isa = PBXFileReference; lastKnownFileType = sourcecode.cpp.cpp; path = templete.cpp; sourceTree = "<group>"; };
		3DEED41C2C400AC3003D8ADD /* J_1543.cpp */ = {isa = PBXFileReference; lastKnownFileType = sourcecode.cpp.cpp; path = J_1543.cpp; sourceTree = "<group>"; };
/* End PBXFileReference section */

/* Begin PBXFrameworksBuildPhase section */
		3D5A4DB72C32AF9D00CEF75E /* Frameworks */ = {
			isa = PBXFrameworksBuildPhase;
			buildActionMask = 2147483647;
			files = (
			);
			runOnlyForDeploymentPostprocessing = 0;
		};
/* End PBXFrameworksBuildPhase section */

/* Begin PBXGroup section */
		3D44A0392C5232B200743A85 /* week4 */ = {
			isa = PBXGroup;
			children = (
				3D44A03A2C5232D000743A85 /* A_10870.cpp */,
			);
			path = week4;
			sourceTree = "<group>";
		};
		3D497C5B2C44AE5B00B47F0E /* week3 */ = {
			isa = PBXGroup;
			children = (
				3D497C5C2C44AE6B00B47F0E /* templete.cpp */,
				3D497C5E2C44AF1E00B47F0E /* N_1268.cpp */,
				3D497C602C44C7FC00B47F0E /* O_1347.cpp */,
				3D9CA7002C4D4331001A243F /* Q_9020.cpp */,
				3D2EBB782C4DE886000564BD /* R_15970.cpp */,
				3D2EBB7A2C4DF683000564BD /* S_1107.cpp */,
			);
			path = week3;
			sourceTree = "<group>";
		};
		3D5A4DB12C32AF9C00CEF75E = {
			isa = PBXGroup;
			children = (
				3D5A4DBC2C32AF9D00CEF75E /* ALCUK_2024_Summer */,
				3D5A4DBB2C32AF9D00CEF75E /* Products */,
			);
			sourceTree = "<group>";
		};
		3D5A4DBB2C32AF9D00CEF75E /* Products */ = {
			isa = PBXGroup;
			children = (
				3D5A4DBA2C32AF9D00CEF75E /* ALCUK_2024_Summer */,
			);
			name = Products;
			sourceTree = "<group>";
		};
		3D5A4DBC2C32AF9D00CEF75E /* ALCUK_2024_Summer */ = {
			isa = PBXGroup;
			children = (
				3D44A0392C5232B200743A85 /* week4 */,
				3D497C5B2C44AE5B00B47F0E /* week3 */,
				3DEED41B2C4008A9003D8ADD /* week2 */,
				3D5A4DC42C32AFAA00CEF75E /* week1 */,
				3D9CA7022C4D5130001A243F /* templete_basic.cpp */,
				3D9CA7032C4D519A001A243F /* measure_execution_time.cpp */,
			);
			path = ALCUK_2024_Summer;
			sourceTree = "<group>";
		};
		3D5A4DC42C32AFAA00CEF75E /* week1 */ = {
			isa = PBXGroup;
			children = (
				3D5A4DBD2C32AF9D00CEF75E /* main.cpp */,
				3D5A4DC62C32B03F00CEF75E /* Y_10989.cpp */,
				3D16F3ED2C32B75C00F7F8DA /* X_8958.cpp */,
				3D5A4DC52C32AFFF00CEF75E /* templete.cpp */,
				3DB855952C36924300131D07 /* W_3052.cpp */,
			);
			path = week1;
			sourceTree = "<group>";
		};
		3DEED41B2C4008A9003D8ADD /* week2 */ = {
			isa = PBXGroup;
			children = (
				3DEED4142C4008A9003D8ADD /* F_17262.cpp */,
				3DEED4152C4008A9003D8ADD /* H_1718.cpp */,
				3DEED4162C4008A9003D8ADD /* N_15761.cpp */,
				3DEED4172C4008A9003D8ADD /* O_11497.cpp */,
				3DEED4182C4008A9003D8ADD /* P_1946.cpp */,
				3DEED4192C4008A9003D8ADD /* Q_17390.cpp */,
				3DEED41A2C4008A9003D8ADD /* templete.cpp */,
				3DEED41C2C400AC3003D8ADD /* J_1543.cpp */,
			);
			name = week2;
			path = ALCUK_2024_Summer/week2;
			sourceTree = SOURCE_ROOT;
		};
/* End PBXGroup section */

/* Begin PBXNativeTarget section */
		3D5A4DB92C32AF9D00CEF75E /* ALCUK_2024_Summer */ = {
			isa = PBXNativeTarget;
			buildConfigurationList = 3D5A4DC12C32AF9D00CEF75E /* Build configuration list for PBXNativeTarget "ALCUK_2024_Summer" */;
			buildPhases = (
				3D5A4DB62C32AF9D00CEF75E /* Sources */,
				3D5A4DB72C32AF9D00CEF75E /* Frameworks */,
				3D5A4DB82C32AF9D00CEF75E /* CopyFiles */,
			);
			buildRules = (
			);
			dependencies = (
			);
			name = ALCUK_2024_Summer;
			productName = ALCUK_2024_Summer;
			productReference = 3D5A4DBA2C32AF9D00CEF75E /* ALCUK_2024_Summer */;
			productType = "com.apple.product-type.tool";
		};
/* End PBXNativeTarget section */

/* Begin PBXProject section */
		3D5A4DB22C32AF9C00CEF75E /* Project object */ = {
			isa = PBXProject;
			attributes = {
				BuildIndependentTargetsInParallel = 1;
				LastUpgradeCheck = 1420;
				TargetAttributes = {
					3D5A4DB92C32AF9D00CEF75E = {
						CreatedOnToolsVersion = 14.2;
					};
				};
			};
			buildConfigurationList = 3D5A4DB52C32AF9C00CEF75E /* Build configuration list for PBXProject "ALCUK_2024_Summer" */;
			compatibilityVersion = "Xcode 14.0";
			developmentRegion = en;
			hasScannedForEncodings = 0;
			knownRegions = (
				en,
				Base,
			);
			mainGroup = 3D5A4DB12C32AF9C00CEF75E;
			productRefGroup = 3D5A4DBB2C32AF9D00CEF75E /* Products */;
			projectDirPath = "";
			projectRoot = "";
			targets = (
				3D5A4DB92C32AF9D00CEF75E /* ALCUK_2024_Summer */,
			);
		};
/* End PBXProject section */

/* Begin PBXSourcesBuildPhase section */
		3D5A4DB62C32AF9D00CEF75E /* Sources */ = {
			isa = PBXSourcesBuildPhase;
			buildActionMask = 2147483647;
			files = (
				3D44A03B2C5232D000743A85 /* A_10870.cpp in Sources */,
			);
			runOnlyForDeploymentPostprocessing = 0;
		};
/* End PBXSourcesBuildPhase section */

/* Begin XCBuildConfiguration section */
		3D5A4DBF2C32AF9D00CEF75E /* Debug */ = {
			isa = XCBuildConfiguration;
			buildSettings = {
				ALWAYS_SEARCH_USER_PATHS = NO;
				CLANG_ANALYZER_NONNULL = YES;
				CLANG_ANALYZER_NUMBER_OBJECT_CONVERSION = YES_AGGRESSIVE;
				CLANG_CXX_LANGUAGE_STANDARD = "gnu++20";
				CLANG_ENABLE_MODULES = YES;
				CLANG_ENABLE_OBJC_ARC = YES;
				CLANG_ENABLE_OBJC_WEAK = YES;
				CLANG_WARN_BLOCK_CAPTURE_AUTORELEASING = YES;
				CLANG_WARN_BOOL_CONVERSION = YES;
				CLANG_WARN_COMMA = YES;
				CLANG_WARN_CONSTANT_CONVERSION = YES;
				CLANG_WARN_DEPRECATED_OBJC_IMPLEMENTATIONS = YES;
				CLANG_WARN_DIRECT_OBJC_ISA_USAGE = YES_ERROR;
				CLANG_WARN_DOCUMENTATION_COMMENTS = YES;
				CLANG_WARN_EMPTY_BODY = YES;
				CLANG_WARN_ENUM_CONVERSION = YES;
				CLANG_WARN_INFINITE_RECURSION = YES;
				CLANG_WARN_INT_CONVERSION = YES;
				CLANG_WARN_NON_LITERAL_NULL_CONVERSION = YES;
				CLANG_WARN_OBJC_IMPLICIT_RETAIN_SELF = YES;
				CLANG_WARN_OBJC_LITERAL_CONVERSION = YES;
				CLANG_WARN_OBJC_ROOT_CLASS = YES_ERROR;
				CLANG_WARN_QUOTED_INCLUDE_IN_FRAMEWORK_HEADER = YES;
				CLANG_WARN_RANGE_LOOP_ANALYSIS = YES;
				CLANG_WARN_STRICT_PROTOTYPES = YES;
				CLANG_WARN_SUSPICIOUS_MOVE = YES;
				CLANG_WARN_UNGUARDED_AVAILABILITY = YES_AGGRESSIVE;
				CLANG_WARN_UNREACHABLE_CODE = YES;
				CLANG_WARN__DUPLICATE_METHOD_MATCH = YES;
				COPY_PHASE_STRIP = NO;
				DEBUG_INFORMATION_FORMAT = dwarf;
				ENABLE_STRICT_OBJC_MSGSEND = YES;
				ENABLE_TESTABILITY = YES;
				GCC_C_LANGUAGE_STANDARD = gnu11;
				GCC_DYNAMIC_NO_PIC = NO;
				GCC_NO_COMMON_BLOCKS = YES;
				GCC_OPTIMIZATION_LEVEL = 0;
				GCC_PREPROCESSOR_DEFINITIONS = (
					"DEBUG=1",
					"$(inherited)",
				);
				GCC_WARN_64_TO_32_BIT_CONVERSION = YES;
				GCC_WARN_ABOUT_RETURN_TYPE = YES_ERROR;
				GCC_WARN_UNDECLARED_SELECTOR = YES;
				GCC_WARN_UNINITIALIZED_AUTOS = YES_AGGRESSIVE;
				GCC_WARN_UNUSED_FUNCTION = YES;
				GCC_WARN_UNUSED_VARIABLE = YES;
				MACOSX_DEPLOYMENT_TARGET = 12.6;
				MTL_ENABLE_DEBUG_INFO = INCLUDE_SOURCE;
				MTL_FAST_MATH = YES;
				ONLY_ACTIVE_ARCH = YES;
				SDKROOT = macosx;
			};
			name = Debug;
		};
		3D5A4DC02C32AF9D00CEF75E /* Release */ = {
			isa = XCBuildConfiguration;
			buildSettings = {
				ALWAYS_SEARCH_USER_PATHS = NO;
				CLANG_ANALYZER_NONNULL = YES;
				CLANG_ANALYZER_NUMBER_OBJECT_CONVERSION = YES_AGGRESSIVE;
				CLANG_CXX_LANGUAGE_STANDARD = "gnu++20";
				CLANG_ENABLE_MODULES = YES;
				CLANG_ENABLE_OBJC_ARC = YES;
				CLANG_ENABLE_OBJC_WEAK = YES;
				CLANG_WARN_BLOCK_CAPTURE_AUTORELEASING = YES;
				CLANG_WARN_BOOL_CONVERSION = YES;
				CLANG_WARN_COMMA = YES;
				CLANG_WARN_CONSTANT_CONVERSION = YES;
				CLANG_WARN_DEPRECATED_OBJC_IMPLEMENTATIONS = YES;
				CLANG_WARN_DIRECT_OBJC_ISA_USAGE = YES_ERROR;
				CLANG_WARN_DOCUMENTATION_COMMENTS = YES;
				CLANG_WARN_EMPTY_BODY = YES;
				CLANG_WARN_ENUM_CONVERSION = YES;
				CLANG_WARN_INFINITE_RECURSION = YES;
				CLANG_WARN_INT_CONVERSION = YES;
				CLANG_WARN_NON_LITERAL_NULL_CONVERSION = YES;
				CLANG_WARN_OBJC_IMPLICIT_RETAIN_SELF = YES;
				CLANG_WARN_OBJC_LITERAL_CONVERSION = YES;
				CLANG_WARN_OBJC_ROOT_CLASS = YES_ERROR;
				CLANG_WARN_QUOTED_INCLUDE_IN_FRAMEWORK_HEADER = YES;
				CLANG_WARN_RANGE_LOOP_ANALYSIS = YES;
				CLANG_WARN_STRICT_PROTOTYPES = YES;
				CLANG_WARN_SUSPICIOUS_MOVE = YES;
				CLANG_WARN_UNGUARDED_AVAILABILITY = YES_AGGRESSIVE;
				CLANG_WARN_UNREACHABLE_CODE = YES;
				CLANG_WARN__DUPLICATE_METHOD_MATCH = YES;
				COPY_PHASE_STRIP = NO;
				DEBUG_INFORMATION_FORMAT = "dwarf-with-dsym";
				ENABLE_NS_ASSERTIONS = NO;
				ENABLE_STRICT_OBJC_MSGSEND = YES;
				GCC_C_LANGUAGE_STANDARD = gnu11;
				GCC_NO_COMMON_BLOCKS = YES;
				GCC_WARN_64_TO_32_BIT_CONVERSION = YES;
				GCC_WARN_ABOUT_RETURN_TYPE = YES_ERROR;
				GCC_WARN_UNDECLARED_SELECTOR = YES;
				GCC_WARN_UNINITIALIZED_AUTOS = YES_AGGRESSIVE;
				GCC_WARN_UNUSED_FUNCTION = YES;
				GCC_WARN_UNUSED_VARIABLE = YES;
				MACOSX_DEPLOYMENT_TARGET = 12.6;
				MTL_ENABLE_DEBUG_INFO = NO;
				MTL_FAST_MATH = YES;
				SDKROOT = macosx;
			};
			name = Release;
		};
		3D5A4DC22C32AF9D00CEF75E /* Debug */ = {
			isa = XCBuildConfiguration;
			buildSettings = {
				CODE_SIGN_STYLE = Automatic;
				PRODUCT_NAME = "$(TARGET_NAME)";
			};
			name = Debug;
		};
		3D5A4DC32C32AF9D00CEF75E /* Release */ = {
			isa = XCBuildConfiguration;
			buildSettings = {
				CODE_SIGN_STYLE = Automatic;
				PRODUCT_NAME = "$(TARGET_NAME)";
			};
			name = Release;
		};
/* End XCBuildConfiguration section */

/* Begin XCConfigurationList section */
		3D5A4DB52C32AF9C00CEF75E /* Build configuration list for PBXProject "ALCUK_2024_Summer" */ = {
			isa = XCConfigurationList;
			buildConfigurations = (
				3D5A4DBF2C32AF9D00CEF75E /* Debug */,
				3D5A4DC02C32AF9D00CEF75E /* Release */,
			);
			defaultConfigurationIsVisible = 0;
			defaultConfigurationName = Release;
		};
		3D5A4DC12C32AF9D00CEF75E /* Build configuration list for PBXNativeTarget "ALCUK_2024_Summer" */ = {
			isa = XCConfigurationList;
			buildConfigurations = (
				3D5A4DC22C32AF9D00CEF75E /* Debug */,
				3D5A4DC32C32AF9D00CEF75E /* Release */,
			);
			defaultConfigurationIsVisible = 0;
			defaultConfigurationName = Release;
		};
/* End XCConfigurationList section */
	};
	rootObject = 3D5A4DB22C32AF9C00CEF75E /* Project object */;
}
